
Microsoft Visual Studio Solution File, Format Version 12.00
# Visual Studio Version 16
VisualStudioVersion = 16.0.31727.386
MinimumVisualStudioVersion = 10.0.40219.1
Project("{9A19103F-16F7-4668-BE54-9A1E7A4F7556}") = "Api", "Api\Api.csproj", "{92BB5C9B-AA3D-4043-925E-D144C5FEBF48}"
EndProject
Project("{FAE04EC0-301F-11D3-BF4B-00C04F79EFBC}") = "E-Commerce-MVC", "E-Commerce-MVC\E-Commerce-MVC.csproj", "{E70DB713-06D8-4E96-9E0C-C1F8C1A487E0}"
EndProject
Global
	GlobalSection(SolutionConfigurationPlatforms) = preSolution
		Debug|Any CPU = Debug|Any CPU
		Release|Any CPU = Release|Any CPU
	EndGlobalSection
	GlobalSection(ProjectConfigurationPlatforms) = postSolution
		{92BB5C9B-AA3D-4043-925E-D144C5FEBF48}.Debug|Any CPU.ActiveCfg = Debug|Any CPU
		{92BB5C9B-AA3D-4043-925E-D144C5FEBF48}.Debug|Any CPU.Build.0 = Debug|Any CPU
		{92BB5C9B-AA3D-4043-925E-D144C5FEBF48}.Release|Any CPU.ActiveCfg = Release|Any CPU
		{92BB5C9B-AA3D-4043-925E-D144C5FEBF48}.Release|Any CPU.Build.0 = Release|Any CPU
		{E70DB713-06D8-4E96-9E0C-C1F8C1A487E0}.Debug|Any CPU.ActiveCfg = Debug|Any CPU
		{E70DB713-06D8-4E96-9E0C-C1F8C1A487E0}.Debug|Any CPU.Build.0 = Debug|Any CPU
		{E70DB713-06D8-4E96-9E0C-C1F8C1A487E0}.Release|Any CPU.ActiveCfg = Release|Any CPU
		{E70DB713-06D8-4E96-9E0C-C1F8C1A487E0}.Release|Any CPU.Build.0 = Release|Any CPU
	EndGlobalSection
	GlobalSection(SolutionProperties) = preSolution
		HideSolutionNode = FALSE
	EndGlobalSection
	GlobalSection(ExtensibilityGlobals) = postSolution
		SolutionGuid = {92B11A53-1C07-4FF6-8D63-B439A0263E4E}
	EndGlobalSection
EndGlobal
